
Microsoft Visual Studio Solution File, Format Version 12.00
# Visual Studio Version 17
VisualStudioVersion = 17.0.31919.166
MinimumVisualStudioVersion = 10.0.40219.1
Project("{2150E333-8FDC-42A3-9474-1A3956D46DE8}") = "Services", "Services", "{60930E5E-3F51-401A-94F1-67CEF220D6AC}"
EndProject
Project("{2150E333-8FDC-42A3-9474-1A3956D46DE8}") = "Catalog", "Catalog", "{964F3E37-120D-427B-AA87-4CC49B8DB8FE}"
EndProject
Project("{9A19103F-16F7-4668-BE54-9A1E7A4F7556}") = "Catalog.API", "Services\Catalog\Catalog.API\Catalog.API.csproj", "{C588B62A-DB82-45A4-BBF3-CE8461EEBC43}"
EndProject
Project("{E53339B2-1760-4266-BCC7-CA923CBCF16C}") = "docker-compose", "docker-compose.dcproj", "{C2FA03BB-56FF-49EF-AA5A-2890AF0C2731}"
EndProject
Project("{2150E333-8FDC-42A3-9474-1A3956D46DE8}") = "Basket", "Basket", "{E3379DC8-6EF0-4875-A8BF-1BBE1FD883FD}"
EndProject
Project("{9A19103F-16F7-4668-BE54-9A1E7A4F7556}") = "Basket.API", "Services\Basket\Basket.API\Basket.API.csproj", "{F815414B-7852-409D-9C97-A8BBC55DE61A}"
EndProject
Project("{2150E333-8FDC-42A3-9474-1A3956D46DE8}") = "Discount", "Discount", "{53298F0A-3CDA-4462-A7BB-144A6EB08B00}"
EndProject
Project("{9A19103F-16F7-4668-BE54-9A1E7A4F7556}") = "Discount.API", "Services\Discount\Discount.API\Discount.API.csproj", "{784DA18B-6124-4C17-BF52-C9B647381BBC}"
EndProject
Project("{9A19103F-16F7-4668-BE54-9A1E7A4F7556}") = "Discount.Grpc", "Services\Discount\Discount.Grpc\Discount.Grpc.csproj", "{04358915-4C96-4BA2-9CB8-84CA55150F2D}"
EndProject
Project("{2150E333-8FDC-42A3-9474-1A3956D46DE8}") = "Ordering", "Ordering", "{5F6AF0AA-1F2A-40F5-B36A-F7976BAC8B66}"
EndProject
Project("{FAE04EC0-301F-11D3-BF4B-00C04F79EFBC}") = "Ordering.API", "Services\Ordering\Ordering.API\Ordering.API.csproj", "{6B862B28-CD45-4BD9-99BC-A316564C75F4}"
EndProject
Project("{FAE04EC0-301F-11D3-BF4B-00C04F79EFBC}") = "Ordering.Domain", "Services\Ordering\Ordering.Domain\Ordering.Domain.csproj", "{E419C627-0F0F-4F0F-A54D-4F90BDE6537A}"
EndProject
Project("{FAE04EC0-301F-11D3-BF4B-00C04F79EFBC}") = "Ordering.Application", "Services\Ordering\Ordering.Application\Ordering.Application.csproj", "{61C21D7D-C234-4E55-9645-EF220078389E}"
EndProject
Project("{FAE04EC0-301F-11D3-BF4B-00C04F79EFBC}") = "Ordering.Infrastructure", "Services\Ordering\Ordering.Infrastructure\Ordering.Infrastructure.csproj", "{D5C0BA61-F19A-48BA-8C3D-4FFAA2A2C970}"
EndProject
Project("{2150E333-8FDC-42A3-9474-1A3956D46DE8}") = "BuildingBlocks", "BuildingBlocks", "{6B32347F-3478-48F5-89FD-5422C7ECA053}"
EndProject
Project("{FAE04EC0-301F-11D3-BF4B-00C04F79EFBC}") = "EventBus.Messages", "BuildingBlocks\EventBus.Messages\EventBus.Messages.csproj", "{B0657F4F-B012-4845-90AE-4DE7C7FCF0F1}"
EndProject
Project("{2150E333-8FDC-42A3-9474-1A3956D46DE8}") = "ApiGateways", "ApiGateways", "{91DD9654-72CF-439D-BC64-885E34F45990}"
EndProject
Project("{FAE04EC0-301F-11D3-BF4B-00C04F79EFBC}") = "OcelotApiGw", "ApiGateways\OcelotApiGw\OcelotApiGw.csproj", "{06673060-D52C-4F64-A050-E2FD78CB5E99}"
EndProject
Global
	GlobalSection(SolutionConfigurationPlatforms) = preSolution
		Debug|Any CPU = Debug|Any CPU
		Release|Any CPU = Release|Any CPU
	EndGlobalSection
	GlobalSection(ProjectConfigurationPlatforms) = postSolution
		{C588B62A-DB82-45A4-BBF3-CE8461EEBC43}.Debug|Any CPU.ActiveCfg = Debug|Any CPU
		{C588B62A-DB82-45A4-BBF3-CE8461EEBC43}.Debug|Any CPU.Build.0 = Debug|Any CPU
		{C588B62A-DB82-45A4-BBF3-CE8461EEBC43}.Release|Any CPU.ActiveCfg = Release|Any CPU
		{C588B62A-DB82-45A4-BBF3-CE8461EEBC43}.Release|Any CPU.Build.0 = Release|Any CPU
		{C2FA03BB-56FF-49EF-AA5A-2890AF0C2731}.Debug|Any CPU.ActiveCfg = Debug|Any CPU
		{C2FA03BB-56FF-49EF-AA5A-2890AF0C2731}.Debug|Any CPU.Build.0 = Debug|Any CPU
		{C2FA03BB-56FF-49EF-AA5A-2890AF0C2731}.Release|Any CPU.ActiveCfg = Release|Any CPU
		{C2FA03BB-56FF-49EF-AA5A-2890AF0C2731}.Release|Any CPU.Build.0 = Release|Any CPU
		{F815414B-7852-409D-9C97-A8BBC55DE61A}.Debug|Any CPU.ActiveCfg = Debug|Any CPU
		{F815414B-7852-409D-9C97-A8BBC55DE61A}.Debug|Any CPU.Build.0 = Debug|Any CPU
		{F815414B-7852-409D-9C97-A8BBC55DE61A}.Release|Any CPU.ActiveCfg = Release|Any CPU
		{F815414B-7852-409D-9C97-A8BBC55DE61A}.Release|Any CPU.Build.0 = Release|Any CPU
		{784DA18B-6124-4C17-BF52-C9B647381BBC}.Debug|Any CPU.ActiveCfg = Debug|Any CPU
		{784DA18B-6124-4C17-BF52-C9B647381BBC}.Debug|Any CPU.Build.0 = Debug|Any CPU
		{784DA18B-6124-4C17-BF52-C9B647381BBC}.Release|Any CPU.ActiveCfg = Release|Any CPU
		{784DA18B-6124-4C17-BF52-C9B647381BBC}.Release|Any CPU.Build.0 = Release|Any CPU
		{04358915-4C96-4BA2-9CB8-84CA55150F2D}.Debug|Any CPU.ActiveCfg = Debug|Any CPU
		{04358915-4C96-4BA2-9CB8-84CA55150F2D}.Debug|Any CPU.Build.0 = Debug|Any CPU
		{04358915-4C96-4BA2-9CB8-84CA55150F2D}.Release|Any CPU.ActiveCfg = Release|Any CPU
		{04358915-4C96-4BA2-9CB8-84CA55150F2D}.Release|Any CPU.Build.0 = Release|Any CPU
		{6B862B28-CD45-4BD9-99BC-A316564C75F4}.Debug|Any CPU.ActiveCfg = Debug|Any CPU
		{6B862B28-CD45-4BD9-99BC-A316564C75F4}.Debug|Any CPU.Build.0 = Debug|Any CPU
		{6B862B28-CD45-4BD9-99BC-A316564C75F4}.Release|Any CPU.ActiveCfg = Release|Any CPU
		{6B862B28-CD45-4BD9-99BC-A316564C75F4}.Release|Any CPU.Build.0 = Release|Any CPU
		{E419C627-0F0F-4F0F-A54D-4F90BDE6537A}.Debug|Any CPU.ActiveCfg = Debug|Any CPU
		{E419C627-0F0F-4F0F-A54D-4F90BDE6537A}.Debug|Any CPU.Build.0 = Debug|Any CPU
		{E419C627-0F0F-4F0F-A54D-4F90BDE6537A}.Release|Any CPU.ActiveCfg = Release|Any CPU
		{E419C627-0F0F-4F0F-A54D-4F90BDE6537A}.Release|Any CPU.Build.0 = Release|Any CPU
		{61C21D7D-C234-4E55-9645-EF220078389E}.Debug|Any CPU.ActiveCfg = Debug|Any CPU
		{61C21D7D-C234-4E55-9645-EF220078389E}.Debug|Any CPU.Build.0 = Debug|Any CPU
		{61C21D7D-C234-4E55-9645-EF220078389E}.Release|Any CPU.ActiveCfg = Release|Any CPU
		{61C21D7D-C234-4E55-9645-EF220078389E}.Release|Any CPU.Build.0 = Release|Any CPU
		{D5C0BA61-F19A-48BA-8C3D-4FFAA2A2C970}.Debug|Any CPU.ActiveCfg = Debug|Any CPU
		{D5C0BA61-F19A-48BA-8C3D-4FFAA2A2C970}.Debug|Any CPU.Build.0 = Debug|Any CPU
		{D5C0BA61-F19A-48BA-8C3D-4FFAA2A2C970}.Release|Any CPU.ActiveCfg = Release|Any CPU
		{D5C0BA61-F19A-48BA-8C3D-4FFAA2A2C970}.Release|Any CPU.Build.0 = Release|Any CPU
		{B0657F4F-B012-4845-90AE-4DE7C7FCF0F1}.Debug|Any CPU.ActiveCfg = Debug|Any CPU
		{B0657F4F-B012-4845-90AE-4DE7C7FCF0F1}.Debug|Any CPU.Build.0 = Debug|Any CPU
		{B0657F4F-B012-4845-90AE-4DE7C7FCF0F1}.Release|Any CPU.ActiveCfg = Release|Any CPU
		{B0657F4F-B012-4845-90AE-4DE7C7FCF0F1}.Release|Any CPU.Build.0 = Release|Any CPU
		{06673060-D52C-4F64-A050-E2FD78CB5E99}.Debug|Any CPU.ActiveCfg = Debug|Any CPU
		{06673060-D52C-4F64-A050-E2FD78CB5E99}.Debug|Any CPU.Build.0 = Debug|Any CPU
		{06673060-D52C-4F64-A050-E2FD78CB5E99}.Release|Any CPU.ActiveCfg = Release|Any CPU
		{06673060-D52C-4F64-A050-E2FD78CB5E99}.Release|Any CPU.Build.0 = Release|Any CPU
	EndGlobalSection
	GlobalSection(SolutionProperties) = preSolution
		HideSolutionNode = FALSE
	EndGlobalSection
	GlobalSection(NestedProjects) = preSolution
		{964F3E37-120D-427B-AA87-4CC49B8DB8FE} = {60930E5E-3F51-401A-94F1-67CEF220D6AC}
		{C588B62A-DB82-45A4-BBF3-CE8461EEBC43} = {964F3E37-120D-427B-AA87-4CC49B8DB8FE}
		{E3379DC8-6EF0-4875-A8BF-1BBE1FD883FD} = {60930E5E-3F51-401A-94F1-67CEF220D6AC}
		{F815414B-7852-409D-9C97-A8BBC55DE61A} = {E3379DC8-6EF0-4875-A8BF-1BBE1FD883FD}
		{53298F0A-3CDA-4462-A7BB-144A6EB08B00} = {60930E5E-3F51-401A-94F1-67CEF220D6AC}
		{784DA18B-6124-4C17-BF52-C9B647381BBC} = {53298F0A-3CDA-4462-A7BB-144A6EB08B00}
		{04358915-4C96-4BA2-9CB8-84CA55150F2D} = {53298F0A-3CDA-4462-A7BB-144A6EB08B00}
		{5F6AF0AA-1F2A-40F5-B36A-F7976BAC8B66} = {60930E5E-3F51-401A-94F1-67CEF220D6AC}
		{6B862B28-CD45-4BD9-99BC-A316564C75F4} = {5F6AF0AA-1F2A-40F5-B36A-F7976BAC8B66}
		{E419C627-0F0F-4F0F-A54D-4F90BDE6537A} = {5F6AF0AA-1F2A-40F5-B36A-F7976BAC8B66}
		{61C21D7D-C234-4E55-9645-EF220078389E} = {5F6AF0AA-1F2A-40F5-B36A-F7976BAC8B66}
		{D5C0BA61-F19A-48BA-8C3D-4FFAA2A2C970} = {5F6AF0AA-1F2A-40F5-B36A-F7976BAC8B66}
		{B0657F4F-B012-4845-90AE-4DE7C7FCF0F1} = {6B32347F-3478-48F5-89FD-5422C7ECA053}
		{06673060-D52C-4F64-A050-E2FD78CB5E99} = {91DD9654-72CF-439D-BC64-885E34F45990}
	EndGlobalSection
	GlobalSection(ExtensibilityGlobals) = postSolution
		SolutionGuid = {8208582C-354F-4B95-A5F6-B5D0999E785F}
	EndGlobalSection
EndGlobal
