
Microsoft Visual Studio Solution File, Format Version 12.00
# Visual Studio Version 17
VisualStudioVersion = 17.0.31919.166
MinimumVisualStudioVersion = 10.0.40219.1
Project("{2150E333-8FDC-42A3-9474-1A3956D46DE8}") = "Services", "Services", "{60930E5E-3F51-401A-94F1-67CEF220D6AC}"
EndProject
Project("{2150E333-8FDC-42A3-9474-1A3956D46DE8}") = "Catalog", "Catalog", "{964F3E37-120D-427B-AA87-4CC49B8DB8FE}"
EndProject
Project("{9A19103F-16F7-4668-BE54-9A1E7A4F7556}") = "Catalog.API", "Services\Catalog\Catalog.API\Catalog.API.csproj", "{C588B62A-DB82-45A4-BBF3-CE8461EEBC43}"
EndProject
Project("{E53339B2-1760-4266-BCC7-CA923CBCF16C}") = "docker-compose", "docker-compose.dcproj", "{C2FA03BB-56FF-49EF-AA5A-2890AF0C2731}"
EndProject
Project("{2150E333-8FDC-42A3-9474-1A3956D46DE8}") = "Basket", "Basket", "{E3379DC8-6EF0-4875-A8BF-1BBE1FD883FD}"
EndProject
Project("{FAE04EC0-301F-11D3-BF4B-00C04F79EFBC}") = "Basket.API", "Services\Basket\Basket.API\Basket.API.csproj", "{F815414B-7852-409D-9C97-A8BBC55DE61A}"
EndProject
Project("{2150E333-8FDC-42A3-9474-1A3956D46DE8}") = "Discount", "Discount", "{53298F0A-3CDA-4462-A7BB-144A6EB08B00}"
EndProject
Project("{FAE04EC0-301F-11D3-BF4B-00C04F79EFBC}") = "Discount.API", "Services\Discount\Discount.API\Discount.API.csproj", "{784DA18B-6124-4C17-BF52-C9B647381BBC}"
EndProject
Global
	GlobalSection(SolutionConfigurationPlatforms) = preSolution
		Debug|Any CPU = Debug|Any CPU
		Release|Any CPU = Release|Any CPU
	EndGlobalSection
	GlobalSection(ProjectConfigurationPlatforms) = postSolution
		{C588B62A-DB82-45A4-BBF3-CE8461EEBC43}.Debug|Any CPU.ActiveCfg = Debug|Any CPU
		{C588B62A-DB82-45A4-BBF3-CE8461EEBC43}.Debug|Any CPU.Build.0 = Debug|Any CPU
		{C588B62A-DB82-45A4-BBF3-CE8461EEBC43}.Release|Any CPU.ActiveCfg = Release|Any CPU
		{C588B62A-DB82-45A4-BBF3-CE8461EEBC43}.Release|Any CPU.Build.0 = Release|Any CPU
		{C2FA03BB-56FF-49EF-AA5A-2890AF0C2731}.Debug|Any CPU.ActiveCfg = Debug|Any CPU
		{C2FA03BB-56FF-49EF-AA5A-2890AF0C2731}.Debug|Any CPU.Build.0 = Debug|Any CPU
		{C2FA03BB-56FF-49EF-AA5A-2890AF0C2731}.Release|Any CPU.ActiveCfg = Release|Any CPU
		{C2FA03BB-56FF-49EF-AA5A-2890AF0C2731}.Release|Any CPU.Build.0 = Release|Any CPU
		{F815414B-7852-409D-9C97-A8BBC55DE61A}.Debug|Any CPU.ActiveCfg = Debug|Any CPU
		{F815414B-7852-409D-9C97-A8BBC55DE61A}.Debug|Any CPU.Build.0 = Debug|Any CPU
		{F815414B-7852-409D-9C97-A8BBC55DE61A}.Release|Any CPU.ActiveCfg = Release|Any CPU
		{F815414B-7852-409D-9C97-A8BBC55DE61A}.Release|Any CPU.Build.0 = Release|Any CPU
		{784DA18B-6124-4C17-BF52-C9B647381BBC}.Debug|Any CPU.ActiveCfg = Debug|Any CPU
		{784DA18B-6124-4C17-BF52-C9B647381BBC}.Debug|Any CPU.Build.0 = Debug|Any CPU
		{784DA18B-6124-4C17-BF52-C9B647381BBC}.Release|Any CPU.ActiveCfg = Release|Any CPU
		{784DA18B-6124-4C17-BF52-C9B647381BBC}.Release|Any CPU.Build.0 = Release|Any CPU
	EndGlobalSection
	GlobalSection(SolutionProperties) = preSolution
		HideSolutionNode = FALSE
	EndGlobalSection
	GlobalSection(NestedProjects) = preSolution
		{964F3E37-120D-427B-AA87-4CC49B8DB8FE} = {60930E5E-3F51-401A-94F1-67CEF220D6AC}
		{C588B62A-DB82-45A4-BBF3-CE8461EEBC43} = {964F3E37-120D-427B-AA87-4CC49B8DB8FE}
		{E3379DC8-6EF0-4875-A8BF-1BBE1FD883FD} = {60930E5E-3F51-401A-94F1-67CEF220D6AC}
		{F815414B-7852-409D-9C97-A8BBC55DE61A} = {E3379DC8-6EF0-4875-A8BF-1BBE1FD883FD}
		{53298F0A-3CDA-4462-A7BB-144A6EB08B00} = {60930E5E-3F51-401A-94F1-67CEF220D6AC}
		{784DA18B-6124-4C17-BF52-C9B647381BBC} = {53298F0A-3CDA-4462-A7BB-144A6EB08B00}
	EndGlobalSection
	GlobalSection(ExtensibilityGlobals) = postSolution
		SolutionGuid = {8208582C-354F-4B95-A5F6-B5D0999E785F}
	EndGlobalSection
EndGlobal
